
Microsoft Visual Studio Solution File, Format Version 11.00
# Visual Studio 2010
Project("{FAE04EC0-301F-11D3-BF4B-00C04F79EFBC}") = "MonoDroid", "MonoDroid\MonoDroid.csproj", "{A3900426-8A60-473D-A454-3B5C124946D4}"
EndProject
Project("{FAE04EC0-301F-11D3-BF4B-00C04F79EFBC}") = "android", "android\android.csproj", "{4C491434-C5BB-41B9-B8E6-433EBE16EC4A}"
EndProject
Project("{FAE04EC0-301F-11D3-BF4B-00C04F79EFBC}") = "MonoJavaBridge", "JavaBridge\MonoJavaBridge.csproj", "{9E6B94B9-A8CA-4497-838F-52620C9B6220}"
EndProject
Project("{FAE04EC0-301F-11D3-BF4B-00C04F79EFBC}") = "Mono2Jni", "Mono2Jni\Mono2Jni.csproj", "{1276BA20-A085-4D52-8239-220E76524771}"
EndProject
Project("{FAE04EC0-301F-11D3-BF4B-00C04F79EFBC}") = "com.poop.bar", "..\..\..\..\Projects\com.poop.bar\com.poop.bar\com.poop.bar.csproj", "{AD197F8F-8057-43A8-A6C3-3777A7A992B9}"
EndProject
Global
	GlobalSection(SolutionConfigurationPlatforms) = preSolution
		Debug|Any CPU = Debug|Any CPU
		Release|Any CPU = Release|Any CPU
	EndGlobalSection
	GlobalSection(ProjectConfigurationPlatforms) = postSolution
		{1276BA20-A085-4D52-8239-220E76524771}.Debug|Any CPU.ActiveCfg = Debug|Any CPU
		{1276BA20-A085-4D52-8239-220E76524771}.Debug|Any CPU.Build.0 = Debug|Any CPU
		{1276BA20-A085-4D52-8239-220E76524771}.Release|Any CPU.ActiveCfg = Release|Any CPU
		{1276BA20-A085-4D52-8239-220E76524771}.Release|Any CPU.Build.0 = Release|Any CPU
		{4C491434-C5BB-41B9-B8E6-433EBE16EC4A}.Debug|Any CPU.ActiveCfg = Debug|Any CPU
		{4C491434-C5BB-41B9-B8E6-433EBE16EC4A}.Debug|Any CPU.Build.0 = Debug|Any CPU
		{4C491434-C5BB-41B9-B8E6-433EBE16EC4A}.Release|Any CPU.ActiveCfg = Release|Any CPU
		{4C491434-C5BB-41B9-B8E6-433EBE16EC4A}.Release|Any CPU.Build.0 = Release|Any CPU
		{9E6B94B9-A8CA-4497-838F-52620C9B6220}.Debug|Any CPU.ActiveCfg = Debug|Any CPU
		{9E6B94B9-A8CA-4497-838F-52620C9B6220}.Debug|Any CPU.Build.0 = Debug|Any CPU
		{9E6B94B9-A8CA-4497-838F-52620C9B6220}.Release|Any CPU.ActiveCfg = Release|Any CPU
		{9E6B94B9-A8CA-4497-838F-52620C9B6220}.Release|Any CPU.Build.0 = Release|Any CPU
		{A3900426-8A60-473D-A454-3B5C124946D4}.Debug|Any CPU.ActiveCfg = Debug|Any CPU
		{A3900426-8A60-473D-A454-3B5C124946D4}.Debug|Any CPU.Build.0 = Debug|Any CPU
		{A3900426-8A60-473D-A454-3B5C124946D4}.Release|Any CPU.ActiveCfg = Release|Any CPU
		{A3900426-8A60-473D-A454-3B5C124946D4}.Release|Any CPU.Build.0 = Release|Any CPU
		{AD197F8F-8057-43A8-A6C3-3777A7A992B9}.Debug|Any CPU.ActiveCfg = Debug|Any CPU
		{AD197F8F-8057-43A8-A6C3-3777A7A992B9}.Debug|Any CPU.Build.0 = Debug|Any CPU
		{AD197F8F-8057-43A8-A6C3-3777A7A992B9}.Release|Any CPU.ActiveCfg = Release|Any CPU
		{AD197F8F-8057-43A8-A6C3-3777A7A992B9}.Release|Any CPU.Build.0 = Release|Any CPU
	EndGlobalSection
	GlobalSection(MonoDevelopProperties) = preSolution
		StartupItem = ..\..\..\..\Projects\com.poop.bar\com.poop.bar\com.poop.bar.csproj
		Policies = $0
		$0.DotNetNamingPolicy = $1
		$1.DirectoryNamespaceAssociation = None
		$1.ResourceNamePolicy = FileFormatDefault
		$0.TextStylePolicy = $2
		$2.FileWidth = 120
		$2.EolMarker = Unix
		$2.inheritsSet = VisualStudio
		$2.inheritsScope = text/plain
		$2.scope = text/x-csharp
		$0.CSharpFormattingPolicy = $3
		$3.inheritsSet = Mono
		$3.inheritsScope = text/x-csharp
		$3.scope = text/x-csharp
	EndGlobalSection
EndGlobal
