
Microsoft Visual Studio Solution File, Format Version 10.00
# Visual Studio 2008
Project("{FAE04EC0-301F-11D3-BF4B-00C04F79EFBC}") = "MonoDroid", "MonoDroid\MonoDroid.csproj", "{A3900426-8A60-473D-A454-3B5C124946D4}"
EndProject
Project("{FAE04EC0-301F-11D3-BF4B-00C04F79EFBC}") = "jni4net.n.androidmono", "jni4net.n\jni4net.n.androidmono.csproj", "{774AED55-B9EC-4C7D-8EEB-1B2481C578B2}"
EndProject
Project("{FAE04EC0-301F-11D3-BF4B-00C04F79EFBC}") = "android", "android\android.csproj", "{4C491434-C5BB-41B9-B8E6-433EBE16EC4A}"
EndProject
Project("{FAE04EC0-301F-11D3-BF4B-00C04F79EFBC}") = "MonoJavaBridge", "JavaBridge\MonoJavaBridge.csproj", "{AEDFC761-C0ED-4A82-824F-60C6299A9086}"
EndProject
Global
	GlobalSection(SolutionConfigurationPlatforms) = preSolution
		Debug|Any CPU = Debug|Any CPU
		Release|Any CPU = Release|Any CPU
	EndGlobalSection
	GlobalSection(ProjectConfigurationPlatforms) = postSolution
		{4C491434-C5BB-41B9-B8E6-433EBE16EC4A}.Debug|Any CPU.ActiveCfg = Debug|Any CPU
		{4C491434-C5BB-41B9-B8E6-433EBE16EC4A}.Debug|Any CPU.Build.0 = Debug|Any CPU
		{4C491434-C5BB-41B9-B8E6-433EBE16EC4A}.Release|Any CPU.ActiveCfg = Release|Any CPU
		{4C491434-C5BB-41B9-B8E6-433EBE16EC4A}.Release|Any CPU.Build.0 = Release|Any CPU
		{774AED55-B9EC-4C7D-8EEB-1B2481C578B2}.Debug|Any CPU.ActiveCfg = Debug|Any CPU
		{774AED55-B9EC-4C7D-8EEB-1B2481C578B2}.Debug|Any CPU.Build.0 = Debug|Any CPU
		{774AED55-B9EC-4C7D-8EEB-1B2481C578B2}.Release|Any CPU.ActiveCfg = Release|Any CPU
		{774AED55-B9EC-4C7D-8EEB-1B2481C578B2}.Release|Any CPU.Build.0 = Release|Any CPU
		{A3900426-8A60-473D-A454-3B5C124946D4}.Debug|Any CPU.ActiveCfg = Debug|Any CPU
		{A3900426-8A60-473D-A454-3B5C124946D4}.Debug|Any CPU.Build.0 = Debug|Any CPU
		{A3900426-8A60-473D-A454-3B5C124946D4}.Release|Any CPU.ActiveCfg = Release|Any CPU
		{A3900426-8A60-473D-A454-3B5C124946D4}.Release|Any CPU.Build.0 = Release|Any CPU
		{AEDFC761-C0ED-4A82-824F-60C6299A9086}.Debug|Any CPU.ActiveCfg = Debug|Any CPU
		{AEDFC761-C0ED-4A82-824F-60C6299A9086}.Debug|Any CPU.Build.0 = Debug|Any CPU
		{AEDFC761-C0ED-4A82-824F-60C6299A9086}.Release|Any CPU.ActiveCfg = Release|Any CPU
		{AEDFC761-C0ED-4A82-824F-60C6299A9086}.Release|Any CPU.Build.0 = Release|Any CPU
	EndGlobalSection
	GlobalSection(MonoDevelopProperties) = preSolution
		StartupItem = MonoDroid\MonoDroid.csproj
		Policies = $0
		$0.DotNetNamingPolicy = $1
		$1.DirectoryNamespaceAssociation = None
		$1.ResourceNamePolicy = FileFormatDefault
		$0.TextStylePolicy = $2
		$2.FileWidth = 120
		$2.EolMarker = Unix
		$2.inheritsSet = VisualStudio
		$2.inheritsScope = text/plain
		$2.scope = text/x-csharp
		$0.CSharpFormattingPolicy = $3
		$3.inheritsSet = Mono
		$3.inheritsScope = text/x-csharp
		$3.scope = text/x-csharp
	EndGlobalSection
EndGlobal
